// !$*UTF8*$!
{
	archiveVersion = 1;
	classes = {
	};
	objectVersion = 55;
	objects = {

/* Begin PBXBuildFile section */
		7483877D2715174A005F06F4 /* AppDelegate.swift in Sources */ = {isa = PBXBuildFile; fileRef = 7483877C2715174A005F06F4 /* AppDelegate.swift */; };
		7483877F2715174A005F06F4 /* SceneDelegate.swift in Sources */ = {isa = PBXBuildFile; fileRef = 7483877E2715174A005F06F4 /* SceneDelegate.swift */; };
		748387812715174A005F06F4 /* HomeVIewController.swift in Sources */ = {isa = PBXBuildFile; fileRef = 748387802715174A005F06F4 /* HomeVIewController.swift */; };
		748387842715174A005F06F4 /* Main.storyboard in Resources */ = {isa = PBXBuildFile; fileRef = 748387822715174A005F06F4 /* Main.storyboard */; };
		748387862715174C005F06F4 /* Assets.xcassets in Resources */ = {isa = PBXBuildFile; fileRef = 748387852715174C005F06F4 /* Assets.xcassets */; };
		748387892715174C005F06F4 /* LaunchScreen.storyboard in Resources */ = {isa = PBXBuildFile; fileRef = 748387872715174C005F06F4 /* LaunchScreen.storyboard */; };
		7483879127151AC1005F06F4 /* PublishViewController.swift in Sources */ = {isa = PBXBuildFile; fileRef = 7483879027151AC1005F06F4 /* PublishViewController.swift */; };
		7483879327151B3E005F06F4 /* GoogleService-Info.plist in Resources */ = {isa = PBXBuildFile; fileRef = 7483879227151B3E005F06F4 /* GoogleService-Info.plist */; };
		7483879627151DDA005F06F4 /* UIViewExtensions.swift in Sources */ = {isa = PBXBuildFile; fileRef = 7483879427151DDA005F06F4 /* UIViewExtensions.swift */; };
		7483879727151DDA005F06F4 /* UIButtonExtension.swift in Sources */ = {isa = PBXBuildFile; fileRef = 7483879527151DDA005F06F4 /* UIButtonExtension.swift */; };
		7483879C27151FE5005F06F4 /* ArticleCell.swift in Sources */ = {isa = PBXBuildFile; fileRef = 7483879A27151FE5005F06F4 /* ArticleCell.swift */; };
		7483879D27151FE5005F06F4 /* ArticleCell.xib in Resources */ = {isa = PBXBuildFile; fileRef = 7483879B27151FE5005F06F4 /* ArticleCell.xib */; };
		748387A3271559FE005F06F4 /* HeaderViewCell.swift in Sources */ = {isa = PBXBuildFile; fileRef = 748387A1271559FE005F06F4 /* HeaderViewCell.swift */; };
		748387A4271559FE005F06F4 /* HeaderViewCell.xib in Resources */ = {isa = PBXBuildFile; fileRef = 748387A2271559FE005F06F4 /* HeaderViewCell.xib */; };
		DDA8107749BC576B54D5299F /* Pods_Publisher.framework in Frameworks */ = {isa = PBXBuildFile; fileRef = A088C107DDD24C6124C96461 /* Pods_Publisher.framework */; };
/* End PBXBuildFile section */

/* Begin PBXFileReference section */
		748387792715174A005F06F4 /* Publisher.app */ = {isa = PBXFileReference; explicitFileType = wrapper.application; includeInIndex = 0; path = Publisher.app; sourceTree = BUILT_PRODUCTS_DIR; };
		7483877C2715174A005F06F4 /* AppDelegate.swift */ = {isa = PBXFileReference; lastKnownFileType = sourcecode.swift; path = AppDelegate.swift; sourceTree = "<group>"; };
		7483877E2715174A005F06F4 /* SceneDelegate.swift */ = {isa = PBXFileReference; lastKnownFileType = sourcecode.swift; path = SceneDelegate.swift; sourceTree = "<group>"; };
		748387802715174A005F06F4 /* HomeVIewController.swift */ = {isa = PBXFileReference; lastKnownFileType = sourcecode.swift; path = HomeVIewController.swift; sourceTree = "<group>"; };
		748387832715174A005F06F4 /* Base */ = {isa = PBXFileReference; lastKnownFileType = file.storyboard; name = Base; path = Base.lproj/Main.storyboard; sourceTree = "<group>"; };
		748387852715174C005F06F4 /* Assets.xcassets */ = {isa = PBXFileReference; lastKnownFileType = folder.assetcatalog; path = Assets.xcassets; sourceTree = "<group>"; };
		748387882715174C005F06F4 /* Base */ = {isa = PBXFileReference; lastKnownFileType = file.storyboard; name = Base; path = Base.lproj/LaunchScreen.storyboard; sourceTree = "<group>"; };
		7483878A2715174C005F06F4 /* Info.plist */ = {isa = PBXFileReference; lastKnownFileType = text.plist.xml; path = Info.plist; sourceTree = "<group>"; };
		7483879027151AC1005F06F4 /* PublishViewController.swift */ = {isa = PBXFileReference; lastKnownFileType = sourcecode.swift; path = PublishViewController.swift; sourceTree = "<group>"; };
		7483879227151B3E005F06F4 /* GoogleService-Info.plist */ = {isa = PBXFileReference; fileEncoding = 4; lastKnownFileType = text.plist.xml; path = "GoogleService-Info.plist"; sourceTree = "<group>"; };
		7483879427151DDA005F06F4 /* UIViewExtensions.swift */ = {isa = PBXFileReference; fileEncoding = 4; lastKnownFileType = sourcecode.swift; path = UIViewExtensions.swift; sourceTree = "<group>"; };
		7483879527151DDA005F06F4 /* UIButtonExtension.swift */ = {isa = PBXFileReference; fileEncoding = 4; lastKnownFileType = sourcecode.swift; path = UIButtonExtension.swift; sourceTree = "<group>"; };
		7483879A27151FE5005F06F4 /* ArticleCell.swift */ = {isa = PBXFileReference; lastKnownFileType = sourcecode.swift; path = ArticleCell.swift; sourceTree = "<group>"; };
		7483879B27151FE5005F06F4 /* ArticleCell.xib */ = {isa = PBXFileReference; lastKnownFileType = file.xib; path = ArticleCell.xib; sourceTree = "<group>"; };
		748387A1271559FE005F06F4 /* HeaderViewCell.swift */ = {isa = PBXFileReference; lastKnownFileType = sourcecode.swift; path = HeaderViewCell.swift; sourceTree = "<group>"; };
		748387A2271559FE005F06F4 /* HeaderViewCell.xib */ = {isa = PBXFileReference; lastKnownFileType = file.xib; path = HeaderViewCell.xib; sourceTree = "<group>"; };
		A088C107DDD24C6124C96461 /* Pods_Publisher.framework */ = {isa = PBXFileReference; explicitFileType = wrapper.framework; includeInIndex = 0; path = Pods_Publisher.framework; sourceTree = BUILT_PRODUCTS_DIR; };
		C95F33DF9C060C349F2013EC /* Pods-Publisher.debug.xcconfig */ = {isa = PBXFileReference; includeInIndex = 1; lastKnownFileType = text.xcconfig; name = "Pods-Publisher.debug.xcconfig"; path = "Target Support Files/Pods-Publisher/Pods-Publisher.debug.xcconfig"; sourceTree = "<group>"; };
		FE7BEA14A8C6A902627DBCCB /* Pods-Publisher.release.xcconfig */ = {isa = PBXFileReference; includeInIndex = 1; lastKnownFileType = text.xcconfig; name = "Pods-Publisher.release.xcconfig"; path = "Target Support Files/Pods-Publisher/Pods-Publisher.release.xcconfig"; sourceTree = "<group>"; };
/* End PBXFileReference section */

/* Begin PBXFrameworksBuildPhase section */
		748387762715174A005F06F4 /* Frameworks */ = {
			isa = PBXFrameworksBuildPhase;
			buildActionMask = 2147483647;
			files = (
				DDA8107749BC576B54D5299F /* Pods_Publisher.framework in Frameworks */,
			);
			runOnlyForDeploymentPostprocessing = 0;
		};
/* End PBXFrameworksBuildPhase section */

/* Begin PBXGroup section */
		114D0B31FEBA853530F63002 /* Frameworks */ = {
			isa = PBXGroup;
			children = (
				A088C107DDD24C6124C96461 /* Pods_Publisher.framework */,
			);
			name = Frameworks;
			sourceTree = "<group>";
		};
		748387702715174A005F06F4 = {
			isa = PBXGroup;
			children = (
				7483877B2715174A005F06F4 /* Publisher */,
				7483877A2715174A005F06F4 /* Products */,
				75D0B2CA376A870FC95503AB /* Pods */,
				114D0B31FEBA853530F63002 /* Frameworks */,
			);
			sourceTree = "<group>";
		};
		7483877A2715174A005F06F4 /* Products */ = {
			isa = PBXGroup;
			children = (
				748387792715174A005F06F4 /* Publisher.app */,
			);
			name = Products;
			sourceTree = "<group>";
		};
		7483877B2715174A005F06F4 /* Publisher */ = {
			isa = PBXGroup;
			children = (
				7483877C2715174A005F06F4 /* AppDelegate.swift */,
				7483877E2715174A005F06F4 /* SceneDelegate.swift */,
				7483879927151F33005F06F4 /* Controllers */,
				7483879827151F2A005F06F4 /* Views */,
				7483879527151DDA005F06F4 /* UIButtonExtension.swift */,
				7483879427151DDA005F06F4 /* UIViewExtensions.swift */,
				748387822715174A005F06F4 /* Main.storyboard */,
				748387852715174C005F06F4 /* Assets.xcassets */,
				748387872715174C005F06F4 /* LaunchScreen.storyboard */,
				7483878A2715174C005F06F4 /* Info.plist */,
				7483879227151B3E005F06F4 /* GoogleService-Info.plist */,
			);
			path = Publisher;
			sourceTree = "<group>";
		};
		7483879827151F2A005F06F4 /* Views */ = {
			isa = PBXGroup;
			children = (
				7483879A27151FE5005F06F4 /* ArticleCell.swift */,
				7483879B27151FE5005F06F4 /* ArticleCell.xib */,
				748387A1271559FE005F06F4 /* HeaderViewCell.swift */,
				748387A2271559FE005F06F4 /* HeaderViewCell.xib */,
			);
			path = Views;
			sourceTree = "<group>";
		};
		7483879927151F33005F06F4 /* Controllers */ = {
			isa = PBXGroup;
			children = (
				748387802715174A005F06F4 /* HomeVIewController.swift */,
				7483879027151AC1005F06F4 /* PublishViewController.swift */,
			);
			path = Controllers;
			sourceTree = "<group>";
		};
		75D0B2CA376A870FC95503AB /* Pods */ = {
			isa = PBXGroup;
			children = (
				C95F33DF9C060C349F2013EC /* Pods-Publisher.debug.xcconfig */,
				FE7BEA14A8C6A902627DBCCB /* Pods-Publisher.release.xcconfig */,
			);
			path = Pods;
			sourceTree = "<group>";
		};
/* End PBXGroup section */

/* Begin PBXNativeTarget section */
		748387782715174A005F06F4 /* Publisher */ = {
			isa = PBXNativeTarget;
			buildConfigurationList = 7483878D2715174C005F06F4 /* Build configuration list for PBXNativeTarget "Publisher" */;
			buildPhases = (
				B812179C73D873FC55F8A430 /* [CP] Check Pods Manifest.lock */,
				748387752715174A005F06F4 /* Sources */,
				748387762715174A005F06F4 /* Frameworks */,
				748387772715174A005F06F4 /* Resources */,
				1926FCDC4F8872DE68482B9A /* [CP] Embed Pods Frameworks */,
			);
			buildRules = (
			);
			dependencies = (
			);
			name = Publisher;
			productName = Publisher;
			productReference = 748387792715174A005F06F4 /* Publisher.app */;
			productType = "com.apple.product-type.application";
		};
/* End PBXNativeTarget section */

/* Begin PBXProject section */
		748387712715174A005F06F4 /* Project object */ = {
			isa = PBXProject;
			attributes = {
				BuildIndependentTargetsInParallel = 1;
				LastSwiftUpdateCheck = 1300;
				LastUpgradeCheck = 1300;
				TargetAttributes = {
					748387782715174A005F06F4 = {
						CreatedOnToolsVersion = 13.0;
					};
				};
			};
			buildConfigurationList = 748387742715174A005F06F4 /* Build configuration list for PBXProject "Publisher" */;
			compatibilityVersion = "Xcode 13.0";
			developmentRegion = en;
			hasScannedForEncodings = 0;
			knownRegions = (
				en,
				Base,
			);
			mainGroup = 748387702715174A005F06F4;
			productRefGroup = 7483877A2715174A005F06F4 /* Products */;
			projectDirPath = "";
			projectRoot = "";
			targets = (
				748387782715174A005F06F4 /* Publisher */,
			);
		};
/* End PBXProject section */

/* Begin PBXResourcesBuildPhase section */
		748387772715174A005F06F4 /* Resources */ = {
			isa = PBXResourcesBuildPhase;
			buildActionMask = 2147483647;
			files = (
				748387892715174C005F06F4 /* LaunchScreen.storyboard in Resources */,
				7483879327151B3E005F06F4 /* GoogleService-Info.plist in Resources */,
				748387862715174C005F06F4 /* Assets.xcassets in Resources */,
				748387A4271559FE005F06F4 /* HeaderViewCell.xib in Resources */,
				7483879D27151FE5005F06F4 /* ArticleCell.xib in Resources */,
				748387842715174A005F06F4 /* Main.storyboard in Resources */,
			);
			runOnlyForDeploymentPostprocessing = 0;
		};
/* End PBXResourcesBuildPhase section */

/* Begin PBXShellScriptBuildPhase section */
		1926FCDC4F8872DE68482B9A /* [CP] Embed Pods Frameworks */ = {
			isa = PBXShellScriptBuildPhase;
			buildActionMask = 2147483647;
			files = (
			);
			inputFileListPaths = (
				"${PODS_ROOT}/Target Support Files/Pods-Publisher/Pods-Publisher-frameworks-${CONFIGURATION}-input-files.xcfilelist",
			);
			name = "[CP] Embed Pods Frameworks";
			outputFileListPaths = (
				"${PODS_ROOT}/Target Support Files/Pods-Publisher/Pods-Publisher-frameworks-${CONFIGURATION}-output-files.xcfilelist",
			);
			runOnlyForDeploymentPostprocessing = 0;
			shellPath = /bin/sh;
			shellScript = "\"${PODS_ROOT}/Target Support Files/Pods-Publisher/Pods-Publisher-frameworks.sh\"\n";
			showEnvVarsInLog = 0;
		};
		B812179C73D873FC55F8A430 /* [CP] Check Pods Manifest.lock */ = {
			isa = PBXShellScriptBuildPhase;
			buildActionMask = 2147483647;
			files = (
			);
			inputFileListPaths = (
			);
			inputPaths = (
				"${PODS_PODFILE_DIR_PATH}/Podfile.lock",
				"${PODS_ROOT}/Manifest.lock",
			);
			name = "[CP] Check Pods Manifest.lock";
			outputFileListPaths = (
			);
			outputPaths = (
				"$(DERIVED_FILE_DIR)/Pods-Publisher-checkManifestLockResult.txt",
			);
			runOnlyForDeploymentPostprocessing = 0;
			shellPath = /bin/sh;
			shellScript = "diff \"${PODS_PODFILE_DIR_PATH}/Podfile.lock\" \"${PODS_ROOT}/Manifest.lock\" > /dev/null\nif [ $? != 0 ] ; then\n    # print error to STDERR\n    echo \"error: The sandbox is not in sync with the Podfile.lock. Run 'pod install' or update your CocoaPods installation.\" >&2\n    exit 1\nfi\n# This output is used by Xcode 'outputs' to avoid re-running this script phase.\necho \"SUCCESS\" > \"${SCRIPT_OUTPUT_FILE_0}\"\n";
			showEnvVarsInLog = 0;
		};
/* End PBXShellScriptBuildPhase section */

/* Begin PBXSourcesBuildPhase section */
		748387752715174A005F06F4 /* Sources */ = {
			isa = PBXSourcesBuildPhase;
			buildActionMask = 2147483647;
			files = (
				7483879127151AC1005F06F4 /* PublishViewController.swift in Sources */,
				7483879627151DDA005F06F4 /* UIViewExtensions.swift in Sources */,
				748387812715174A005F06F4 /* HomeVIewController.swift in Sources */,
				748387A3271559FE005F06F4 /* HeaderViewCell.swift in Sources */,
				7483877D2715174A005F06F4 /* AppDelegate.swift in Sources */,
				7483879C27151FE5005F06F4 /* ArticleCell.swift in Sources */,
				7483877F2715174A005F06F4 /* SceneDelegate.swift in Sources */,
				7483879727151DDA005F06F4 /* UIButtonExtension.swift in Sources */,
			);
			runOnlyForDeploymentPostprocessing = 0;
		};
/* End PBXSourcesBuildPhase section */

/* Begin PBXVariantGroup section */
		748387822715174A005F06F4 /* Main.storyboard */ = {
			isa = PBXVariantGroup;
			children = (
				748387832715174A005F06F4 /* Base */,
			);
			name = Main.storyboard;
			sourceTree = "<group>";
		};
		748387872715174C005F06F4 /* LaunchScreen.storyboard */ = {
			isa = PBXVariantGroup;
			children = (
				748387882715174C005F06F4 /* Base */,
			);
			name = LaunchScreen.storyboard;
			sourceTree = "<group>";
		};
/* End PBXVariantGroup section */

/* Begin XCBuildConfiguration section */
		7483878B2715174C005F06F4 /* Debug */ = {
			isa = XCBuildConfiguration;
			buildSettings = {
				ALWAYS_SEARCH_USER_PATHS = NO;
				CLANG_ANALYZER_NONNULL = YES;
				CLANG_ANALYZER_NUMBER_OBJECT_CONVERSION = YES_AGGRESSIVE;
				CLANG_CXX_LANGUAGE_STANDARD = "gnu++17";
				CLANG_CXX_LIBRARY = "libc++";
				CLANG_ENABLE_MODULES = YES;
				CLANG_ENABLE_OBJC_ARC = YES;
				CLANG_ENABLE_OBJC_WEAK = YES;
				CLANG_WARN_BLOCK_CAPTURE_AUTORELEASING = YES;
				CLANG_WARN_BOOL_CONVERSION = YES;
				CLANG_WARN_COMMA = YES;
				CLANG_WARN_CONSTANT_CONVERSION = YES;
				CLANG_WARN_DEPRECATED_OBJC_IMPLEMENTATIONS = YES;
				CLANG_WARN_DIRECT_OBJC_ISA_USAGE = YES_ERROR;
				CLANG_WARN_DOCUMENTATION_COMMENTS = YES;
				CLANG_WARN_EMPTY_BODY = YES;
				CLANG_WARN_ENUM_CONVERSION = YES;
				CLANG_WARN_INFINITE_RECURSION = YES;
				CLANG_WARN_INT_CONVERSION = YES;
				CLANG_WARN_NON_LITERAL_NULL_CONVERSION = YES;
				CLANG_WARN_OBJC_IMPLICIT_RETAIN_SELF = YES;
				CLANG_WARN_OBJC_LITERAL_CONVERSION = YES;
				CLANG_WARN_OBJC_ROOT_CLASS = YES_ERROR;
				CLANG_WARN_QUOTED_INCLUDE_IN_FRAMEWORK_HEADER = YES;
				CLANG_WARN_RANGE_LOOP_ANALYSIS = YES;
				CLANG_WARN_STRICT_PROTOTYPES = YES;
				CLANG_WARN_SUSPICIOUS_MOVE = YES;
				CLANG_WARN_UNGUARDED_AVAILABILITY = YES_AGGRESSIVE;
				CLANG_WARN_UNREACHABLE_CODE = YES;
				CLANG_WARN__DUPLICATE_METHOD_MATCH = YES;
				COPY_PHASE_STRIP = NO;
				DEBUG_INFORMATION_FORMAT = dwarf;
				ENABLE_STRICT_OBJC_MSGSEND = YES;
				ENABLE_TESTABILITY = YES;
				GCC_C_LANGUAGE_STANDARD = gnu11;
				GCC_DYNAMIC_NO_PIC = NO;
				GCC_NO_COMMON_BLOCKS = YES;
				GCC_OPTIMIZATION_LEVEL = 0;
				GCC_PREPROCESSOR_DEFINITIONS = (
					"DEBUG=1",
					"$(inherited)",
				);
				GCC_WARN_64_TO_32_BIT_CONVERSION = YES;
				GCC_WARN_ABOUT_RETURN_TYPE = YES_ERROR;
				GCC_WARN_UNDECLARED_SELECTOR = YES;
				GCC_WARN_UNINITIALIZED_AUTOS = YES_AGGRESSIVE;
				GCC_WARN_UNUSED_FUNCTION = YES;
				GCC_WARN_UNUSED_VARIABLE = YES;
				IPHONEOS_DEPLOYMENT_TARGET = 15.0;
				MTL_ENABLE_DEBUG_INFO = INCLUDE_SOURCE;
				MTL_FAST_MATH = YES;
				ONLY_ACTIVE_ARCH = YES;
				SDKROOT = iphoneos;
				SWIFT_ACTIVE_COMPILATION_CONDITIONS = DEBUG;
				SWIFT_OPTIMIZATION_LEVEL = "-Onone";
			};
			name = Debug;
		};
		7483878C2715174C005F06F4 /* Release */ = {
			isa = XCBuildConfiguration;
			buildSettings = {
				ALWAYS_SEARCH_USER_PATHS = NO;
				CLANG_ANALYZER_NONNULL = YES;
				CLANG_ANALYZER_NUMBER_OBJECT_CONVERSION = YES_AGGRESSIVE;
				CLANG_CXX_LANGUAGE_STANDARD = "gnu++17";
				CLANG_CXX_LIBRARY = "libc++";
				CLANG_ENABLE_MODULES = YES;
				CLANG_ENABLE_OBJC_ARC = YES;
				CLANG_ENABLE_OBJC_WEAK = YES;
				CLANG_WARN_BLOCK_CAPTURE_AUTORELEASING = YES;
				CLANG_WARN_BOOL_CONVERSION = YES;
				CLANG_WARN_COMMA = YES;
				CLANG_WARN_CONSTANT_CONVERSION = YES;
				CLANG_WARN_DEPRECATED_OBJC_IMPLEMENTATIONS = YES;
				CLANG_WARN_DIRECT_OBJC_ISA_USAGE = YES_ERROR;
				CLANG_WARN_DOCUMENTATION_COMMENTS = YES;
				CLANG_WARN_EMPTY_BODY = YES;
				CLANG_WARN_ENUM_CONVERSION = YES;
				CLANG_WARN_INFINITE_RECURSION = YES;
				CLANG_WARN_INT_CONVERSION = YES;
				CLANG_WARN_NON_LITERAL_NULL_CONVERSION = YES;
				CLANG_WARN_OBJC_IMPLICIT_RETAIN_SELF = YES;
				CLANG_WARN_OBJC_LITERAL_CONVERSION = YES;
				CLANG_WARN_OBJC_ROOT_CLASS = YES_ERROR;
				CLANG_WARN_QUOTED_INCLUDE_IN_FRAMEWORK_HEADER = YES;
				CLANG_WARN_RANGE_LOOP_ANALYSIS = YES;
				CLANG_WARN_STRICT_PROTOTYPES = YES;
				CLANG_WARN_SUSPICIOUS_MOVE = YES;
				CLANG_WARN_UNGUARDED_AVAILABILITY = YES_AGGRESSIVE;
				CLANG_WARN_UNREACHABLE_CODE = YES;
				CLANG_WARN__DUPLICATE_METHOD_MATCH = YES;
				COPY_PHASE_STRIP = NO;
				DEBUG_INFORMATION_FORMAT = "dwarf-with-dsym";
				ENABLE_NS_ASSERTIONS = NO;
				ENABLE_STRICT_OBJC_MSGSEND = YES;
				GCC_C_LANGUAGE_STANDARD = gnu11;
				GCC_NO_COMMON_BLOCKS = YES;
				GCC_WARN_64_TO_32_BIT_CONVERSION = YES;
				GCC_WARN_ABOUT_RETURN_TYPE = YES_ERROR;
				GCC_WARN_UNDECLARED_SELECTOR = YES;
				GCC_WARN_UNINITIALIZED_AUTOS = YES_AGGRESSIVE;
				GCC_WARN_UNUSED_FUNCTION = YES;
				GCC_WARN_UNUSED_VARIABLE = YES;
				IPHONEOS_DEPLOYMENT_TARGET = 15.0;
				MTL_ENABLE_DEBUG_INFO = NO;
				MTL_FAST_MATH = YES;
				SDKROOT = iphoneos;
				SWIFT_COMPILATION_MODE = wholemodule;
				SWIFT_OPTIMIZATION_LEVEL = "-O";
				VALIDATE_PRODUCT = YES;
			};
			name = Release;
		};
		7483878E2715174C005F06F4 /* Debug */ = {
			isa = XCBuildConfiguration;
			baseConfigurationReference = C95F33DF9C060C349F2013EC /* Pods-Publisher.debug.xcconfig */;
			buildSettings = {
				ASSETCATALOG_COMPILER_APPICON_NAME = AppIcon;
				ASSETCATALOG_COMPILER_GLOBAL_ACCENT_COLOR_NAME = AccentColor;
				CODE_SIGN_STYLE = Automatic;
				CURRENT_PROJECT_VERSION = 1;
				DEVELOPMENT_TEAM = 2THHZQ7GX3;
				GENERATE_INFOPLIST_FILE = YES;
				INFOPLIST_FILE = Publisher/Info.plist;
				INFOPLIST_KEY_UIApplicationSupportsIndirectInputEvents = YES;
				INFOPLIST_KEY_UILaunchStoryboardName = LaunchScreen;
				INFOPLIST_KEY_UIMainStoryboardFile = Main;
				INFOPLIST_KEY_UISupportedInterfaceOrientations_iPad = "UIInterfaceOrientationPortrait UIInterfaceOrientationPortraitUpsideDown UIInterfaceOrientationLandscapeLeft UIInterfaceOrientationLandscapeRight";
				INFOPLIST_KEY_UISupportedInterfaceOrientations_iPhone = "UIInterfaceOrientationPortrait UIInterfaceOrientationLandscapeLeft UIInterfaceOrientationLandscapeRight";
				LD_RUNPATH_SEARCH_PATHS = (
					"$(inherited)",
					"@executable_path/Frameworks",
				);
				MARKETING_VERSION = 1.0;
				PRODUCT_BUNDLE_IDENTIFIER = ed.Publisher;
				PRODUCT_NAME = "$(TARGET_NAME)";
				SWIFT_EMIT_LOC_STRINGS = YES;
				SWIFT_VERSION = 5.0;
				TARGETED_DEVICE_FAMILY = "1,2";
			};
			name = Debug;
		};
		7483878F2715174C005F06F4 /* Release */ = {
			isa = XCBuildConfiguration;
			baseConfigurationReference = FE7BEA14A8C6A902627DBCCB /* Pods-Publisher.release.xcconfig */;
			buildSettings = {
				ASSETCATALOG_COMPILER_APPICON_NAME = AppIcon;
				ASSETCATALOG_COMPILER_GLOBAL_ACCENT_COLOR_NAME = AccentColor;
				CODE_SIGN_STYLE = Automatic;
				CURRENT_PROJECT_VERSION = 1;
				DEVELOPMENT_TEAM = 2THHZQ7GX3;
				GENERATE_INFOPLIST_FILE = YES;
				INFOPLIST_FILE = Publisher/Info.plist;
				INFOPLIST_KEY_UIApplicationSupportsIndirectInputEvents = YES;
				INFOPLIST_KEY_UILaunchStoryboardName = LaunchScreen;
				INFOPLIST_KEY_UIMainStoryboardFile = Main;
				INFOPLIST_KEY_UISupportedInterfaceOrientations_iPad = "UIInterfaceOrientationPortrait UIInterfaceOrientationPortraitUpsideDown UIInterfaceOrientationLandscapeLeft UIInterfaceOrientationLandscapeRight";
				INFOPLIST_KEY_UISupportedInterfaceOrientations_iPhone = "UIInterfaceOrientationPortrait UIInterfaceOrientationLandscapeLeft UIInterfaceOrientationLandscapeRight";
				LD_RUNPATH_SEARCH_PATHS = (
					"$(inherited)",
					"@executable_path/Frameworks",
				);
				MARKETING_VERSION = 1.0;
				PRODUCT_BUNDLE_IDENTIFIER = ed.Publisher;
				PRODUCT_NAME = "$(TARGET_NAME)";
				SWIFT_EMIT_LOC_STRINGS = YES;
				SWIFT_VERSION = 5.0;
				TARGETED_DEVICE_FAMILY = "1,2";
			};
			name = Release;
		};
/* End XCBuildConfiguration section */

/* Begin XCConfigurationList section */
		748387742715174A005F06F4 /* Build configuration list for PBXProject "Publisher" */ = {
			isa = XCConfigurationList;
			buildConfigurations = (
				7483878B2715174C005F06F4 /* Debug */,
				7483878C2715174C005F06F4 /* Release */,
			);
			defaultConfigurationIsVisible = 0;
			defaultConfigurationName = Release;
		};
		7483878D2715174C005F06F4 /* Build configuration list for PBXNativeTarget "Publisher" */ = {
			isa = XCConfigurationList;
			buildConfigurations = (
				7483878E2715174C005F06F4 /* Debug */,
				7483878F2715174C005F06F4 /* Release */,
			);
			defaultConfigurationIsVisible = 0;
			defaultConfigurationName = Release;
		};
/* End XCConfigurationList section */
	};
	rootObject = 748387712715174A005F06F4 /* Project object */;
}
